
Microsoft Visual Studio Solution File, Format Version 12.00
# Visual Studio Version 17
VisualStudioVersion = 17.6.33829.357
MinimumVisualStudioVersion = 10.0.40219.1
Project("{FAE04EC0-301F-11D3-BF4B-00C04F79EFBC}") = "defect_CALIN", "defect_CALIN.csproj", "{5E5235FB-313A-4CF7-9583-16178244FBAA}"
EndProject
Global
	GlobalSection(SolutionConfigurationPlatforms) = preSolution
		Debug|Any CPU = Debug|Any CPU
		Release|Any CPU = Release|Any CPU
	EndGlobalSection
	GlobalSection(ProjectConfigurationPlatforms) = postSolution
		{5E5235FB-313A-4CF7-9583-16178244FBAA}.Debug|Any CPU.ActiveCfg = Debug|Any CPU
		{5E5235FB-313A-4CF7-9583-16178244FBAA}.Debug|Any CPU.Build.0 = Debug|Any CPU
		{5E5235FB-313A-4CF7-9583-16178244FBAA}.Release|Any CPU.ActiveCfg = Release|Any CPU
		{5E5235FB-313A-4CF7-9583-16178244FBAA}.Release|Any CPU.Build.0 = Release|Any CPU
	EndGlobalSection
	GlobalSection(SolutionProperties) = preSolution
		HideSolutionNode = FALSE
	EndGlobalSection
	GlobalSection(ExtensibilityGlobals) = postSolution
		SolutionGuid = {54E9F132-4400-4B1B-A511-F1F5288309F8}
	EndGlobalSection
EndGlobal
